
Microsoft Visual Studio Solution File, Format Version 12.00
# Visual Studio Version 17
VisualStudioVersion = 17.8.34330.188
MinimumVisualStudioVersion = 10.0.40219.1
Project("{FAE04EC0-301F-11D3-BF4B-00C04F79EFBC}") = "ProyectoSQLite", "ProyectoSQLite.csproj", "{97DCB47E-6ABC-4B7A-B469-8C233EEC77AA}"
EndProject
Global
	GlobalSection(SolutionConfigurationPlatforms) = preSolution
		Debug|Any CPU = Debug|Any CPU
		Release|Any CPU = Release|Any CPU
	EndGlobalSection
	GlobalSection(ProjectConfigurationPlatforms) = postSolution
		{97DCB47E-6ABC-4B7A-B469-8C233EEC77AA}.Debug|Any CPU.ActiveCfg = Debug|Any CPU
		{97DCB47E-6ABC-4B7A-B469-8C233EEC77AA}.Debug|Any CPU.Build.0 = Debug|Any CPU
		{97DCB47E-6ABC-4B7A-B469-8C233EEC77AA}.Debug|Any CPU.Deploy.0 = Debug|Any CPU
		{97DCB47E-6ABC-4B7A-B469-8C233EEC77AA}.Release|Any CPU.ActiveCfg = Release|Any CPU
		{97DCB47E-6ABC-4B7A-B469-8C233EEC77AA}.Release|Any CPU.Build.0 = Release|Any CPU
		{97DCB47E-6ABC-4B7A-B469-8C233EEC77AA}.Release|Any CPU.Deploy.0 = Release|Any CPU
	EndGlobalSection
	GlobalSection(SolutionProperties) = preSolution
		HideSolutionNode = FALSE
	EndGlobalSection
	GlobalSection(ExtensibilityGlobals) = postSolution
		SolutionGuid = {410CC123-1BAD-4653-BF82-A9713AE3E207}
	EndGlobalSection
EndGlobal
